@ -1,695 +1,520 @@
// !$*UTF8*$!
{
	archiveVersion = 1;
	classes = {
	};
	objectVersion = 56;
	objects = {

/* Begin PBXBuildFile section */
		04882BD72BF8FD490091EA4D /* AirQualityViewModel.swift in Sources */ = {isa = PBXBuildFile; fileRef = 04882BD62BF8FD490091EA4D /* AirQualityViewModel.swift */; };
		04882BD92BF8FD640091EA4D /* AirQualityView.swift in Sources */ = {isa = PBXBuildFile; fileRef = 04882BD82BF8FD640091EA4D /* AirQualityView.swift */; };
		04882BDB2BF8FED00091EA4D /* AirQualityDetailPageVC.swift in Sources */ = {isa = PBXBuildFile; fileRef = 04882BDA2BF8FED00091EA4D /* AirQualityDetailPageVC.swift */; };
		04882BDD2BF8FEF80091EA4D /* AirQualityDetailView.swift in Sources */ = {isa = PBXBuildFile; fileRef = 04882BDC2BF8FEF80091EA4D /* AirQualityDetailView.swift */; };
		04882BDF2BF8FF0F0091EA4D /* AirQualityDetailViewModel.swift in Sources */ = {isa = PBXBuildFile; fileRef = 04882BDE2BF8FF0F0091EA4D /* AirQualityDetailViewModel.swift */; };
		260734F72BF6AED0005AC69D /* AppDelegate.swift in Sources */ = {isa = PBXBuildFile; fileRef = 260734F62BF6AED0005AC69D /* AppDelegate.swift */; };
		260734F92BF6AED0005AC69D /* SceneDelegate.swift in Sources */ = {isa = PBXBuildFile; fileRef = 260734F82BF6AED0005AC69D /* SceneDelegate.swift */; };
		260735002BF6AED2005AC69D /* Assets.xcassets in Resources */ = {isa = PBXBuildFile; fileRef = 260734FF2BF6AED2005AC69D /* Assets.xcassets */; };
		260735032BF6AED2005AC69D /* LaunchScreen.storyboard in Resources */ = {isa = PBXBuildFile; fileRef = 260735012BF6AED2005AC69D /* LaunchScreen.storyboard */; };
		260735142BF6B429005AC69D /* SpeciePageVC.swift in Sources */ = {isa = PBXBuildFile; fileRef = 260735132BF6B429005AC69D /* SpeciePageVC.swift */; };
		260735162BF6B43C005AC69D /* SpeciePageView.swift in Sources */ = {isa = PBXBuildFile; fileRef = 260735152BF6B43C005AC69D /* SpeciePageView.swift */; };
		260735182BF6B446005AC69D /* SpeciePageViewModel.swift in Sources */ = {isa = PBXBuildFile; fileRef = 260735172BF6B446005AC69D /* SpeciePageViewModel.swift */; };
		2607351C2BF6B52F005AC69D /* SolarResourcePageVC.swift in Sources */ = {isa = PBXBuildFile; fileRef = 2607351B2BF6B52F005AC69D /* SolarResourcePageVC.swift */; };
		2607351E2BF6B54E005AC69D /* PopulationPageVC.swift in Sources */ = {isa = PBXBuildFile; fileRef = 2607351D2BF6B54E005AC69D /* PopulationPageVC.swift */; };
		260735202BF6B55E005AC69D /* WeatherPageVC.swift in Sources */ = {isa = PBXBuildFile; fileRef = 2607351F2BF6B55E005AC69D /* WeatherPageVC.swift */; };
		260735222BF6B56E005AC69D /* AirQualityPageVC.swift in Sources */ = {isa = PBXBuildFile; fileRef = 260735212BF6B56E005AC69D /* AirQualityPageVC.swift */; };
		26178E702BF6D80B00858EC9 /* NetworkingService in Frameworks */ = {isa = PBXBuildFile; productRef = 26178E6F2BF6D80B00858EC9 /* NetworkingService */; };
		26178E732BF7A85400858EC9 /* City.swift in Sources */ = {isa = PBXBuildFile; fileRef = 26178E722BF7A85400858EC9 /* City.swift */; };
		26178E762BF7BFAC00858EC9 /* NatureCell.swift in Sources */ = {isa = PBXBuildFile; fileRef = 26178E752BF7BFAC00858EC9 /* NatureCell.swift */; };
		26178E792BF7C49700858EC9 /* ImageService in Frameworks */ = {isa = PBXBuildFile; productRef = 26178E782BF7C49700858EC9 /* ImageService */; };
		265DB8D62BF947E40020968C /* PopulationModal.swift in Sources */ = {isa = PBXBuildFile; fileRef = 265DB8D42BF947E40020968C /* PopulationModal.swift */; };
		2672833A2BF9010A00D7348F /* SpinningCircleView.swift in Sources */ = {isa = PBXBuildFile; fileRef = 267283392BF9010A00D7348F /* SpinningCircleView.swift */; };
		26877D852BF6C503006E1004 /* TabBarController.swift in Sources */ = {isa = PBXBuildFile; fileRef = 26877D842BF6C503006E1004 /* TabBarController.swift */; };
		87ED3C4D2BF777460089B01C /* SolarResourcePageModel.swift in Sources */ = {isa = PBXBuildFile; fileRef = 87ED3C4C2BF777460089B01C /* SolarResourcePageModel.swift */; };
		87ED3C4F2BF796170089B01C /* SolarResourcePageView.swift in Sources */ = {isa = PBXBuildFile; fileRef = 87ED3C4E2BF796170089B01C /* SolarResourcePageView.swift */; };
		87ED3C512BF796270089B01C /* SolarResourcePageViewModel.swift in Sources */ = {isa = PBXBuildFile; fileRef = 87ED3C502BF796270089B01C /* SolarResourcePageViewModel.swift */; };
		87ED3C532BF805250089B01C /* SolarResourceCell.swift in Sources */ = {isa = PBXBuildFile; fileRef = 87ED3C522BF805250089B01C /* SolarResourceCell.swift */; };
		87ED3C572BF8D92C0089B01C /* CustomSearchBar.swift in Sources */ = {isa = PBXBuildFile; fileRef = 87ED3C562BF8D92C0089B01C /* CustomSearchBar.swift */; };
		87ED3C5D2BF91A2C0089B01C /* SolarResourceInformationPageVC.swift in Sources */ = {isa = PBXBuildFile; fileRef = 87ED3C5C2BF91A2C0089B01C /* SolarResourceInformationPageVC.swift */; };
		87ED3C602BF91A610089B01C /* SolarResourceInformationPageView.swift in Sources */ = {isa = PBXBuildFile; fileRef = 87ED3C5F2BF91A610089B01C /* SolarResourceInformationPageView.swift */; };
		87ED3C632BF91A7F0089B01C /* SolarResourceInformationPageModel.swift in Sources */ = {isa = PBXBuildFile; fileRef = 87ED3C622BF91A7F0089B01C /* SolarResourceInformationPageModel.swift */; };
		944516F12BF7E98100CA5A78 /* CustomTextField.swift in Sources */ = {isa = PBXBuildFile; fileRef = 944516F02BF7E98100CA5A78 /* CustomTextField.swift */; };
		944516F32BF7E9A000CA5A78 /* CustomLabel.swift in Sources */ = {isa = PBXBuildFile; fileRef = 944516F22BF7E9A000CA5A78 /* CustomLabel.swift */; };
		94BC91832BF8239100CE5D86 /* WeatherPageViewModel.swift in Sources */ = {isa = PBXBuildFile; fileRef = 94BC91822BF8239100CE5D86 /* WeatherPageViewModel.swift */; };
		94BC91882BF8BDEB00CE5D86 /* CustomButton.swift in Sources */ = {isa = PBXBuildFile; fileRef = 94BC91872BF8BDEB00CE5D86 /* CustomButton.swift */; };
		94BC918A2BF8BF9F00CE5D86 /* CustomVStackView.swift in Sources */ = {isa = PBXBuildFile; fileRef = 94BC91892BF8BF9F00CE5D86 /* CustomVStackView.swift */; };
		94BFD4D02BF7E73C00098C90 /* WeatherPageView.swift in Sources */ = {isa = PBXBuildFile; fileRef = 94BFD4CF2BF7E73C00098C90 /* WeatherPageView.swift */; };
		94BFD4D22BF7E7AA00098C90 /* Constants.swift in Sources */ = {isa = PBXBuildFile; fileRef = 94BFD4D12BF7E7AA00098C90 /* Constants.swift */; };
		94BFD4D42BF7E7F200098C90 /* WeatherPageModel.swift in Sources */ = {isa = PBXBuildFile; fileRef = 94BFD4D32BF7E7F200098C90 /* WeatherPageModel.swift */; };
		94BFD4D62BF7E82400098C90 /* CustomTableViewCell.swift in Sources */ = {isa = PBXBuildFile; fileRef = 94BFD4D52BF7E82400098C90 /* CustomTableViewCell.swift */; };
		D0F4A0F12BF6DCD1001DE35A /* PopulationPageViewModel.swift in Sources */ = {isa = PBXBuildFile; fileRef = D0F4A0F02BF6DCD1001DE35A /* PopulationPageViewModel.swift */; };
		D0F4A0F32BF6DCEA001DE35A /* PopulationPageView.swift in Sources */ = {isa = PBXBuildFile; fileRef = D0F4A0F22BF6DCEA001DE35A /* PopulationPageView.swift */; };
/* End PBXBuildFile section */

/* Begin PBXFileReference section */
		04882BD62BF8FD490091EA4D /* AirQualityViewModel.swift */ = {isa = PBXFileReference; lastKnownFileType = sourcecode.swift; path = AirQualityViewModel.swift; sourceTree = "<group>"; };
		04882BD82BF8FD640091EA4D /* AirQualityView.swift */ = {isa = PBXFileReference; lastKnownFileType = sourcecode.swift; path = AirQualityView.swift; sourceTree = "<group>"; };
		04882BDA2BF8FED00091EA4D /* AirQualityDetailPageVC.swift */ = {isa = PBXFileReference; lastKnownFileType = sourcecode.swift; path = AirQualityDetailPageVC.swift; sourceTree = "<group>"; };
		04882BDC2BF8FEF80091EA4D /* AirQualityDetailView.swift */ = {isa = PBXFileReference; lastKnownFileType = sourcecode.swift; path = AirQualityDetailView.swift; sourceTree = "<group>"; };
		04882BDE2BF8FF0F0091EA4D /* AirQualityDetailViewModel.swift */ = {isa = PBXFileReference; lastKnownFileType = sourcecode.swift; path = AirQualityDetailViewModel.swift; sourceTree = "<group>"; };
		260734F32BF6AED0005AC69D /* TeamSaxinkleApp.app */ = {isa = PBXFileReference; explicitFileType = wrapper.application; includeInIndex = 0; path = TeamSaxinkleApp.app; sourceTree = BUILT_PRODUCTS_DIR; };
		260734F62BF6AED0005AC69D /* AppDelegate.swift */ = {isa = PBXFileReference; lastKnownFileType = sourcecode.swift; path = AppDelegate.swift; sourceTree = "<group>"; };
		260734F82BF6AED0005AC69D /* SceneDelegate.swift */ = {isa = PBXFileReference; lastKnownFileType = sourcecode.swift; path = SceneDelegate.swift; sourceTree = "<group>"; };
		260734FF2BF6AED2005AC69D /* Assets.xcassets */ = {isa = PBXFileReference; lastKnownFileType = folder.assetcatalog; path = Assets.xcassets; sourceTree = "<group>"; };
		260735022BF6AED2005AC69D /* Base */ = {isa = PBXFileReference; lastKnownFileType = file.storyboard; name = Base; path = Base.lproj/LaunchScreen.storyboard; sourceTree = "<group>"; };
		260735042BF6AED2005AC69D /* Info.plist */ = {isa = PBXFileReference; lastKnownFileType = text.plist.xml; path = Info.plist; sourceTree = "<group>"; };
		260735132BF6B429005AC69D /* SpeciePageVC.swift */ = {isa = PBXFileReference; lastKnownFileType = sourcecode.swift; path = SpeciePageVC.swift; sourceTree = "<group>"; };
		260735152BF6B43C005AC69D /* SpeciePageView.swift */ = {isa = PBXFileReference; lastKnownFileType = sourcecode.swift; path = SpeciePageView.swift; sourceTree = "<group>"; };
		260735172BF6B446005AC69D /* SpeciePageViewModel.swift */ = {isa = PBXFileReference; lastKnownFileType = sourcecode.swift; path = SpeciePageViewModel.swift; sourceTree = "<group>"; };
		2607351B2BF6B52F005AC69D /* SolarResourcePageVC.swift */ = {isa = PBXFileReference; lastKnownFileType = sourcecode.swift; path = SolarResourcePageVC.swift; sourceTree = "<group>"; };
		2607351D2BF6B54E005AC69D /* PopulationPageVC.swift */ = {isa = PBXFileReference; lastKnownFileType = sourcecode.swift; path = PopulationPageVC.swift; sourceTree = "<group>"; };
		2607351F2BF6B55E005AC69D /* WeatherPageVC.swift */ = {isa = PBXFileReference; lastKnownFileType = sourcecode.swift; path = WeatherPageVC.swift; sourceTree = "<group>"; };
		260735212BF6B56E005AC69D /* AirQualityPageVC.swift */ = {isa = PBXFileReference; lastKnownFileType = sourcecode.swift; path = AirQualityPageVC.swift; sourceTree = "<group>"; };
		26178E722BF7A85400858EC9 /* City.swift */ = {isa = PBXFileReference; lastKnownFileType = sourcecode.swift; path = City.swift; sourceTree = "<group>"; };
		26178E752BF7BFAC00858EC9 /* NatureCell.swift */ = {isa = PBXFileReference; lastKnownFileType = sourcecode.swift; path = NatureCell.swift; sourceTree = "<group>"; };
		265DB8D42BF947E40020968C /* PopulationModal.swift */ = {isa = PBXFileReference; fileEncoding = 4; lastKnownFileType = sourcecode.swift; path = PopulationModal.swift; sourceTree = "<group>"; };
		267283392BF9010A00D7348F /* SpinningCircleView.swift */ = {isa = PBXFileReference; lastKnownFileType = sourcecode.swift; path = SpinningCircleView.swift; sourceTree = "<group>"; };
		26877D842BF6C503006E1004 /* TabBarController.swift */ = {isa = PBXFileReference; lastKnownFileType = sourcecode.swift; path = TabBarController.swift; sourceTree = "<group>"; };
		87ED3C4C2BF777460089B01C /* SolarResourcePageModel.swift */ = {isa = PBXFileReference; lastKnownFileType = sourcecode.swift; path = SolarResourcePageModel.swift; sourceTree = "<group>"; };
		87ED3C4E2BF796170089B01C /* SolarResourcePageView.swift */ = {isa = PBXFileReference; lastKnownFileType = sourcecode.swift; path = SolarResourcePageView.swift; sourceTree = "<group>"; };
		87ED3C502BF796270089B01C /* SolarResourcePageViewModel.swift */ = {isa = PBXFileReference; lastKnownFileType = sourcecode.swift; path = SolarResourcePageViewModel.swift; sourceTree = "<group>"; };
		87ED3C522BF805250089B01C /* SolarResourceCell.swift */ = {isa = PBXFileReference; lastKnownFileType = sourcecode.swift; path = SolarResourceCell.swift; sourceTree = "<group>"; };
		87ED3C562BF8D92C0089B01C /* CustomSearchBar.swift */ = {isa = PBXFileReference; lastKnownFileType = sourcecode.swift; path = CustomSearchBar.swift; sourceTree = "<group>"; };
		87ED3C5C2BF91A2C0089B01C /* SolarResourceInformationPageVC.swift */ = {isa = PBXFileReference; lastKnownFileType = sourcecode.swift; path = SolarResourceInformationPageVC.swift; sourceTree = "<group>"; };
		87ED3C5F2BF91A610089B01C /* SolarResourceInformationPageView.swift */ = {isa = PBXFileReference; lastKnownFileType = sourcecode.swift; path = SolarResourceInformationPageView.swift; sourceTree = "<group>"; };
		87ED3C622BF91A7F0089B01C /* SolarResourceInformationPageModel.swift */ = {isa = PBXFileReference; lastKnownFileType = sourcecode.swift; path = SolarResourceInformationPageModel.swift; sourceTree = "<group>"; };
		944516F02BF7E98100CA5A78 /* CustomTextField.swift */ = {isa = PBXFileReference; lastKnownFileType = sourcecode.swift; path = CustomTextField.swift; sourceTree = "<group>"; };
		944516F22BF7E9A000CA5A78 /* CustomLabel.swift */ = {isa = PBXFileReference; lastKnownFileType = sourcecode.swift; path = CustomLabel.swift; sourceTree = "<group>"; };
		94BC91822BF8239100CE5D86 /* WeatherPageViewModel.swift */ = {isa = PBXFileReference; lastKnownFileType = sourcecode.swift; path = WeatherPageViewModel.swift; sourceTree = "<group>"; };
		94BC91872BF8BDEB00CE5D86 /* CustomButton.swift */ = {isa = PBXFileReference; lastKnownFileType = sourcecode.swift; path = CustomButton.swift; sourceTree = "<group>"; };
		94BC91892BF8BF9F00CE5D86 /* CustomVStackView.swift */ = {isa = PBXFileReference; lastKnownFileType = sourcecode.swift; path = CustomVStackView.swift; sourceTree = "<group>"; };
		94BFD4CF2BF7E73C00098C90 /* WeatherPageView.swift */ = {isa = PBXFileReference; lastKnownFileType = sourcecode.swift; path = WeatherPageView.swift; sourceTree = "<group>"; };
		94BFD4D12BF7E7AA00098C90 /* Constants.swift */ = {isa = PBXFileReference; lastKnownFileType = sourcecode.swift; path = Constants.swift; sourceTree = "<group>"; };
		94BFD4D32BF7E7F200098C90 /* WeatherPageModel.swift */ = {isa = PBXFileReference; lastKnownFileType = sourcecode.swift; path = WeatherPageModel.swift; sourceTree = "<group>"; };
		94BFD4D52BF7E82400098C90 /* CustomTableViewCell.swift */ = {isa = PBXFileReference; lastKnownFileType = sourcecode.swift; path = CustomTableViewCell.swift; sourceTree = "<group>"; };
		D0F4A0F02BF6DCD1001DE35A /* PopulationPageViewModel.swift */ = {isa = PBXFileReference; lastKnownFileType = sourcecode.swift; path = PopulationPageViewModel.swift; sourceTree = "<group>"; };
		D0F4A0F22BF6DCEA001DE35A /* PopulationPageView.swift */ = {isa = PBXFileReference; lastKnownFileType = sourcecode.swift; path = PopulationPageView.swift; sourceTree = "<group>"; };
/* End PBXFileReference section */

/* Begin PBXFrameworksBuildPhase section */
		260734F02BF6AED0005AC69D /* Frameworks */ = {
			isa = PBXFrameworksBuildPhase;
			buildActionMask = 2147483647;
			files = (
				26178E792BF7C49700858EC9 /* ImageService in Frameworks */,
				26178E702BF6D80B00858EC9 /* NetworkingService in Frameworks */,
			);
			runOnlyForDeploymentPostprocessing = 0;
		};
/* End PBXFrameworksBuildPhase section */

/* Begin PBXGroup section */
		04882BD42BF8FCD90091EA4D /* AirQualityInfo */ = {
			isa = PBXGroup;
			children = (
				260735212BF6B56E005AC69D /* AirQualityPageVC.swift */,
				04882BD62BF8FD490091EA4D /* AirQualityViewModel.swift */,
				04882BD82BF8FD640091EA4D /* AirQualityView.swift */,
			);
			path = AirQualityInfo;
			sourceTree = "<group>";
		};
		04882BD52BF8FD060091EA4D /* AirQualityDetails */ = {
			isa = PBXGroup;
			children = (
				04882BDA2BF8FED00091EA4D /* AirQualityDetailPageVC.swift */,
				04882BDC2BF8FEF80091EA4D /* AirQualityDetailView.swift */,
				04882BDE2BF8FF0F0091EA4D /* AirQualityDetailViewModel.swift */,
			);
			path = AirQualityDetails;
			sourceTree = "<group>";
		};
		260734EA2BF6AED0005AC69D = {
			isa = PBXGroup;
			children = (
				260734F52BF6AED0005AC69D /* TeamSaxinkleApp */,
				260734F42BF6AED0005AC69D /* Products */,
			);
			sourceTree = "<group>";
		};
		260734F42BF6AED0005AC69D /* Products */ = {
			isa = PBXGroup;
			children = (
				260734F32BF6AED0005AC69D /* TeamSaxinkleApp.app */,
			);
			name = Products;
			sourceTree = "<group>";
		};
		260734F52BF6AED0005AC69D /* TeamSaxinkleApp */ = {
			isa = PBXGroup;
			children = (
				2607350F2BF6B0C9005AC69D /* Supporting */,
				260735102BF6B0CC005AC69D /* App */,
				26877D832BF6C4E4006E1004 /* TabBar */,
				94BC91852BF82F0400CE5D86 /* CustomUIViews */,
				2607350E2BF6B0C7005AC69D /* Scenes */,
				2607350F2BF6B0C9005AC69D /* Supporting */,
				260735192BF6B4DF005AC69D /* Resources */,
			);
			path = TeamSaxinkleApp;
			sourceTree = "<group>";
		};
		2607350A2BF6B0BB005AC69D /* SolarResourcePage */ = {
			isa = PBXGroup;
			children = (
				87ED3C5E2BF91A320089B01C /* SolarResourceInformationPage */,
				87ED3C542BF8D7B90089B01C /* SolarResourceCell */,
				87ED3C552BF8D7D40089B01C /* SolarResourcePageModel */,
				2607351B2BF6B52F005AC69D /* SolarResourcePageVC.swift */,
				87ED3C4E2BF796170089B01C /* SolarResourcePageView.swift */,
				87ED3C502BF796270089B01C /* SolarResourcePageViewModel.swift */,
			);
			path = SolarResourcePage;
			sourceTree = "<group>";
		};
		2607350B2BF6B0BE005AC69D /* WeatherPage */ = {
			isa = PBXGroup;
			children = (
				94BC91862BF82F4D00CE5D86 /* Utilities */,
				94BC91842BF82EDC00CE5D86 /* WeatherPageCell */,
				94BFD4CF2BF7E73C00098C90 /* WeatherPageView.swift */,
				2607351F2BF6B55E005AC69D /* WeatherPageVC.swift */,
				94BC91822BF8239100CE5D86 /* WeatherPageViewModel.swift */,
				94BFD4D32BF7E7F200098C90 /* WeatherPageModel.swift */,
			);
			path = WeatherPage;
			sourceTree = "<group>";
		};
		2607350C2BF6B0C1005AC69D /* SpeciePage */ = {
			isa = PBXGroup;
			children = (
				26178E742BF7BF9700858EC9 /* NatureCell */,
				26178E712BF7A83800858EC9 /* CityModel */,
				260735132BF6B429005AC69D /* SpeciePageVC.swift */,
				260735152BF6B43C005AC69D /* SpeciePageView.swift */,
				260735172BF6B446005AC69D /* SpeciePageViewModel.swift */,
			);
			path = SpeciePage;
			sourceTree = "<group>";
		};
		2607350D2BF6B0C4005AC69D /* AirQualityPage */ = {
			isa = PBXGroup;
			children = (
				260735212BF6B56E005AC69D /* AirQualityPageVC.swift */,
				04882BD52BF8FD060091EA4D /* AirQualityDetails */,
				04882BD42BF8FCD90091EA4D /* AirQualityInfo */,
			);
			path = AirQualityPage;
			sourceTree = "<group>";
		};
		2607350E2BF6B0C7005AC69D /* Scenes */ = {
			isa = PBXGroup;
			children = (
				2607350D2BF6B0C4005AC69D /* AirQualityPage */,
				2607350B2BF6B0BE005AC69D /* WeatherPage */,
				2607350C2BF6B0C1005AC69D /* SpeciePage */,
				2607350A2BF6B0BB005AC69D /* SolarResourcePage */,
				260735122BF6B3DF005AC69D /* PopulationPage */,
			);
			path = Scenes;
			sourceTree = "<group>";
		};
		2607350F2BF6B0C9005AC69D /* Supporting */ = {
			isa = PBXGroup;
			children = (
				260735112BF6B0EF005AC69D /* Launch */,
				260735042BF6AED2005AC69D /* Info.plist */,
			);
			path = Supporting;
			sourceTree = "<group>";
		};
		260735102BF6B0CC005AC69D /* App */ = {
			isa = PBXGroup;
			children = (
				260734F62BF6AED0005AC69D /* AppDelegate.swift */,
				260734F82BF6AED0005AC69D /* SceneDelegate.swift */,
			);
			path = App;
			sourceTree = "<group>";
		};
		260735112BF6B0EF005AC69D /* Launch */ = {
			isa = PBXGroup;
			children = (
				260735012BF6AED2005AC69D /* LaunchScreen.storyboard */,
			);
			path = Launch;
			sourceTree = "<group>";
		};
		260735122BF6B3DF005AC69D /* PopulationPage */ = {
			isa = PBXGroup;
			children = (
				265DB8D52BF947E40020968C /* Modal */,
				D0F4A0F22BF6DCEA001DE35A /* PopulationPageView.swift */,
				2607351D2BF6B54E005AC69D /* PopulationPageVC.swift */,
				D0F4A0F02BF6DCD1001DE35A /* PopulationPageViewModel.swift */,
			);
			path = PopulationPage;
			sourceTree = "<group>";
		};
		260735192BF6B4DF005AC69D /* Resources */ = {
			isa = PBXGroup;
			children = (
				260734FF2BF6AED2005AC69D /* Assets.xcassets */,
			);
			path = Resources;
			sourceTree = "<group>";
		};
		26178E712BF7A83800858EC9 /* CityModel */ = {
			isa = PBXGroup;
			children = (
				26178E722BF7A85400858EC9 /* City.swift */,
			);
			path = CityModel;
			sourceTree = "<group>";
		};
		26178E742BF7BF9700858EC9 /* NatureCell */ = {
			isa = PBXGroup;
			children = (
				26178E752BF7BFAC00858EC9 /* NatureCell.swift */,
			);
			path = NatureCell;
			sourceTree = "<group>";
		};
		265DB8D52BF947E40020968C /* Modal */ = {
			isa = PBXGroup;
			children = (
				265DB8D42BF947E40020968C /* PopulationModal.swift */,
			);
			path = Modal;
			sourceTree = "<group>";
		};
		267283382BF900EC00D7348F /* SpinningCircle */ = {
			isa = PBXGroup;
			children = (
				267283392BF9010A00D7348F /* SpinningCircleView.swift */,
			);
			path = SpinningCircle;
			sourceTree = "<group>";
		};
		26877D832BF6C4E4006E1004 /* TabBar */ = {
			isa = PBXGroup;
			children = (
				26877D842BF6C503006E1004 /* TabBarController.swift */,
			);
			path = TabBar;
			sourceTree = "<group>";
		};
		87ED3C542BF8D7B90089B01C /* SolarResourceCell */ = {
			isa = PBXGroup;
			children = (
				87ED3C522BF805250089B01C /* SolarResourceCell.swift */,
			);
			path = SolarResourceCell;
			sourceTree = "<group>";
		};
		87ED3C552BF8D7D40089B01C /* SolarResourcePageModel */ = {
			isa = PBXGroup;
			children = (
				87ED3C4C2BF777460089B01C /* SolarResourcePageModel.swift */,
			);
			path = SolarResourcePageModel;
			sourceTree = "<group>";
		};
		87ED3C5E2BF91A320089B01C /* SolarResourceInformationPage */ = {
			isa = PBXGroup;
			children = (
				87ED3C612BF91A640089B01C /* SolarResourceInformationPageModel */,
				87ED3C5C2BF91A2C0089B01C /* SolarResourceInformationPageVC.swift */,
				87ED3C5F2BF91A610089B01C /* SolarResourceInformationPageView.swift */,
			);
			path = SolarResourceInformationPage;
			sourceTree = "<group>";
		};
		87ED3C612BF91A640089B01C /* SolarResourceInformationPageModel */ = {
			isa = PBXGroup;
			children = (
				87ED3C622BF91A7F0089B01C /* SolarResourceInformationPageModel.swift */,
			);
			path = SolarResourceInformationPageModel;
			sourceTree = "<group>";
		};
		94BC91842BF82EDC00CE5D86 /* WeatherPageCell */ = {
			isa = PBXGroup;
			children = (
				94BFD4D52BF7E82400098C90 /* CustomTableViewCell.swift */,
			);
			path = WeatherPageCell;
			sourceTree = "<group>";
		};
		94BC91852BF82F0400CE5D86 /* CustomUIViews */ = {
			isa = PBXGroup;
			children = (
				267283382BF900EC00D7348F /* SpinningCircle */,
				87ED3C562BF8D92C0089B01C /* CustomSearchBar.swift */,
				944516F02BF7E98100CA5A78 /* CustomTextField.swift */,
				944516F22BF7E9A000CA5A78 /* CustomLabel.swift */,
				94BC91872BF8BDEB00CE5D86 /* CustomButton.swift */,
				94BC91892BF8BF9F00CE5D86 /* CustomVStackView.swift */,
			);
			path = CustomUIViews;
			sourceTree = "<group>";
		};
		94BC91862BF82F4D00CE5D86 /* Utilities */ = {
			isa = PBXGroup;
			children = (
				94BFD4D12BF7E7AA00098C90 /* Constants.swift */,
			);
			path = Utilities;
			sourceTree = "<group>";
		};
/* End PBXGroup section */

/* Begin PBXNativeTarget section */
		260734F22BF6AED0005AC69D /* TeamSaxinkleApp */ = {
			isa = PBXNativeTarget;
			buildConfigurationList = 260735072BF6AED2005AC69D /* Build configuration list for PBXNativeTarget "TeamSaxinkleApp" */;
			buildPhases = (
				260734EF2BF6AED0005AC69D /* Sources */,
				260734F02BF6AED0005AC69D /* Frameworks */,
				260734F12BF6AED0005AC69D /* Resources */,
			);
			buildRules = (
			);
			dependencies = (
			);
			name = TeamSaxinkleApp;
			packageProductDependencies = (
				26178E6F2BF6D80B00858EC9 /* NetworkingService */,
				26178E782BF7C49700858EC9 /* ImageService */,
			);
			productName = TeamSaxinkleApp;
			productReference = 260734F32BF6AED0005AC69D /* TeamSaxinkleApp.app */;
			productType = "com.apple.product-type.application";
		};
/* End PBXNativeTarget section */

/* Begin PBXProject section */
		260734EB2BF6AED0005AC69D /* Project object */ = {
			isa = PBXProject;
			attributes = {
				BuildIndependentTargetsInParallel = 1;
				LastSwiftUpdateCheck = 1500;
				LastUpgradeCheck = 1500;
				TargetAttributes = {
					260734F22BF6AED0005AC69D = {
						CreatedOnToolsVersion = 15.0.1;
					};
				};
			};
			buildConfigurationList = 260734EE2BF6AED0005AC69D /* Build configuration list for PBXProject "TeamSaxinkleApp" */;
			compatibilityVersion = "Xcode 14.0";
			developmentRegion = en;
			hasScannedForEncodings = 0;
			knownRegions = (
				en,
				Base,
			);
			mainGroup = 260734EA2BF6AED0005AC69D;
			packageReferences = (
				260735232BF6B6C6005AC69D /* XCRemoteSwiftPackageReference "NetworkingService" */,
				26178E772BF7C49700858EC9 /* XCRemoteSwiftPackageReference "ImageService" */,
			);
			productRefGroup = 260734F42BF6AED0005AC69D /* Products */;
			projectDirPath = "";
			projectRoot = "";
			targets = (
				260734F22BF6AED0005AC69D /* TeamSaxinkleApp */,
			);
		};
/* End PBXProject section */

/* Begin PBXResourcesBuildPhase section */
		260734F12BF6AED0005AC69D /* Resources */ = {
			isa = PBXResourcesBuildPhase;
			buildActionMask = 2147483647;
			files = (
				260735032BF6AED2005AC69D /* LaunchScreen.storyboard in Resources */,
				260735002BF6AED2005AC69D /* Assets.xcassets in Resources */,
			);
			runOnlyForDeploymentPostprocessing = 0;
		};
/* End PBXResourcesBuildPhase section */

/* Begin PBXSourcesBuildPhase section */
		260734EF2BF6AED0005AC69D /* Sources */ = {
			isa = PBXSourcesBuildPhase;
			buildActionMask = 2147483647;
			files = (
				94BFD4D62BF7E82400098C90 /* CustomTableViewCell.swift in Sources */,
				04882BD72BF8FD490091EA4D /* AirQualityViewModel.swift in Sources */,
				260735142BF6B429005AC69D /* SpeciePageVC.swift in Sources */,
				2607351C2BF6B52F005AC69D /* SolarResourcePageVC.swift in Sources */,
				87ED3C4D2BF777460089B01C /* SolarResourcePageModel.swift in Sources */,
				87ED3C602BF91A610089B01C /* SolarResourceInformationPageView.swift in Sources */,
				260735182BF6B446005AC69D /* SpeciePageViewModel.swift in Sources */,
				26877D852BF6C503006E1004 /* TabBarController.swift in Sources */,
				94BC918A2BF8BF9F00CE5D86 /* CustomVStackView.swift in Sources */,
				944516F12BF7E98100CA5A78 /* CustomTextField.swift in Sources */,
				04882BDB2BF8FED00091EA4D /* AirQualityDetailPageVC.swift in Sources */,
				260734F72BF6AED0005AC69D /* AppDelegate.swift in Sources */,
				04882BDF2BF8FF0F0091EA4D /* AirQualityDetailViewModel.swift in Sources */,
				04882BD92BF8FD640091EA4D /* AirQualityView.swift in Sources */,
				260735222BF6B56E005AC69D /* AirQualityPageVC.swift in Sources */,
				26178E762BF7BFAC00858EC9 /* NatureCell.swift in Sources */,
				94BFD4D22BF7E7AA00098C90 /* Constants.swift in Sources */,
				D0F4A0F32BF6DCEA001DE35A /* PopulationPageView.swift in Sources */,
				265DB8D62BF947E40020968C /* PopulationModal.swift in Sources */,
				87ED3C632BF91A7F0089B01C /* SolarResourceInformationPageModel.swift in Sources */,
				944516F32BF7E9A000CA5A78 /* CustomLabel.swift in Sources */,
				260735202BF6B55E005AC69D /* WeatherPageVC.swift in Sources */,
				94BC91832BF8239100CE5D86 /* WeatherPageViewModel.swift in Sources */,
				04882BDD2BF8FEF80091EA4D /* AirQualityDetailView.swift in Sources */,
				260735162BF6B43C005AC69D /* SpeciePageView.swift in Sources */,
				94BFD4D02BF7E73C00098C90 /* WeatherPageView.swift in Sources */,
				94BFD4D42BF7E7F200098C90 /* WeatherPageModel.swift in Sources */,
				87ED3C512BF796270089B01C /* SolarResourcePageViewModel.swift in Sources */,
				260735162BF6B43C005AC69D /* SpeciePageView.swift in Sources */,
				87ED3C532BF805250089B01C /* SolarResourceCell.swift in Sources */,
				D0F4A0F12BF6DCD1001DE35A /* PopulationPageViewModel.swift in Sources */,
				94BC91882BF8BDEB00CE5D86 /* CustomButton.swift in Sources */,
				2607351E2BF6B54E005AC69D /* PopulationPageVC.swift in Sources */,
				2672833A2BF9010A00D7348F /* SpinningCircleView.swift in Sources */,
				87ED3C572BF8D92C0089B01C /* CustomSearchBar.swift in Sources */,
				87ED3C5D2BF91A2C0089B01C /* SolarResourceInformationPageVC.swift in Sources */,
				26178E732BF7A85400858EC9 /* City.swift in Sources */,
				260734F92BF6AED0005AC69D /* SceneDelegate.swift in Sources */,
				87ED3C4F2BF796170089B01C /* SolarResourcePageView.swift in Sources */,
			);
			runOnlyForDeploymentPostprocessing = 0;
		};
/* End PBXSourcesBuildPhase section */

/* Begin PBXVariantGroup section */
		260735012BF6AED2005AC69D /* LaunchScreen.storyboard */ = {
			isa = PBXVariantGroup;
			children = (
				260735022BF6AED2005AC69D /* Base */,
			);
			name = LaunchScreen.storyboard;
			sourceTree = "<group>";
		};
/* End PBXVariantGroup section */

/* Begin XCBuildConfiguration section */
		260735052BF6AED2005AC69D /* Debug */ = {
			isa = XCBuildConfiguration;
			buildSettings = {
				ALWAYS_SEARCH_USER_PATHS = NO;
				ASSETCATALOG_COMPILER_GENERATE_SWIFT_ASSET_SYMBOL_EXTENSIONS = YES;
				CLANG_ANALYZER_NONNULL = YES;
				CLANG_ANALYZER_NUMBER_OBJECT_CONVERSION = YES_AGGRESSIVE;
				CLANG_CXX_LANGUAGE_STANDARD = "gnu++20";
				CLANG_ENABLE_MODULES = YES;
				CLANG_ENABLE_OBJC_ARC = YES;
				CLANG_ENABLE_OBJC_WEAK = YES;
				CLANG_WARN_BLOCK_CAPTURE_AUTORELEASING = YES;
				CLANG_WARN_BOOL_CONVERSION = YES;
				CLANG_WARN_COMMA = YES;
				CLANG_WARN_CONSTANT_CONVERSION = YES;
				CLANG_WARN_DEPRECATED_OBJC_IMPLEMENTATIONS = YES;
				CLANG_WARN_DIRECT_OBJC_ISA_USAGE = YES_ERROR;
				CLANG_WARN_DOCUMENTATION_COMMENTS = YES;
				CLANG_WARN_EMPTY_BODY = YES;
				CLANG_WARN_ENUM_CONVERSION = YES;
				CLANG_WARN_INFINITE_RECURSION = YES;
				CLANG_WARN_INT_CONVERSION = YES;
				CLANG_WARN_NON_LITERAL_NULL_CONVERSION = YES;
				CLANG_WARN_OBJC_IMPLICIT_RETAIN_SELF = YES;
				CLANG_WARN_OBJC_LITERAL_CONVERSION = YES;
				CLANG_WARN_OBJC_ROOT_CLASS = YES_ERROR;
				CLANG_WARN_QUOTED_INCLUDE_IN_FRAMEWORK_HEADER = YES;
				CLANG_WARN_RANGE_LOOP_ANALYSIS = YES;
				CLANG_WARN_STRICT_PROTOTYPES = YES;
				CLANG_WARN_SUSPICIOUS_MOVE = YES;
				CLANG_WARN_UNGUARDED_AVAILABILITY = YES_AGGRESSIVE;
				CLANG_WARN_UNREACHABLE_CODE = YES;
				CLANG_WARN__DUPLICATE_METHOD_MATCH = YES;
				COPY_PHASE_STRIP = NO;
				DEBUG_INFORMATION_FORMAT = dwarf;
				ENABLE_STRICT_OBJC_MSGSEND = YES;
				ENABLE_TESTABILITY = YES;
				ENABLE_USER_SCRIPT_SANDBOXING = YES;
				GCC_C_LANGUAGE_STANDARD = gnu17;
				GCC_DYNAMIC_NO_PIC = NO;
				GCC_NO_COMMON_BLOCKS = YES;
				GCC_OPTIMIZATION_LEVEL = 0;
				GCC_PREPROCESSOR_DEFINITIONS = (
					"DEBUG=1",
					"$(inherited)",
				);
				GCC_WARN_64_TO_32_BIT_CONVERSION = YES;
				GCC_WARN_ABOUT_RETURN_TYPE = YES_ERROR;
				GCC_WARN_UNDECLARED_SELECTOR = YES;
				GCC_WARN_UNINITIALIZED_AUTOS = YES_AGGRESSIVE;
				GCC_WARN_UNUSED_FUNCTION = YES;
				GCC_WARN_UNUSED_VARIABLE = YES;
				IPHONEOS_DEPLOYMENT_TARGET = 17.0;
				LOCALIZATION_PREFERS_STRING_CATALOGS = YES;
				MTL_ENABLE_DEBUG_INFO = INCLUDE_SOURCE;
				MTL_FAST_MATH = YES;
				ONLY_ACTIVE_ARCH = YES;
				SDKROOT = iphoneos;
				SWIFT_ACTIVE_COMPILATION_CONDITIONS = "DEBUG $(inherited)";
				SWIFT_OPTIMIZATION_LEVEL = "-Onone";
			};
			name = Debug;
		};
		260735062BF6AED2005AC69D /* Release */ = {
			isa = XCBuildConfiguration;
			buildSettings = {
				ALWAYS_SEARCH_USER_PATHS = NO;
				ASSETCATALOG_COMPILER_GENERATE_SWIFT_ASSET_SYMBOL_EXTENSIONS = YES;
				CLANG_ANALYZER_NONNULL = YES;
				CLANG_ANALYZER_NUMBER_OBJECT_CONVERSION = YES_AGGRESSIVE;
				CLANG_CXX_LANGUAGE_STANDARD = "gnu++20";
				CLANG_ENABLE_MODULES = YES;
				CLANG_ENABLE_OBJC_ARC = YES;
				CLANG_ENABLE_OBJC_WEAK = YES;
				CLANG_WARN_BLOCK_CAPTURE_AUTORELEASING = YES;
				CLANG_WARN_BOOL_CONVERSION = YES;
				CLANG_WARN_COMMA = YES;
				CLANG_WARN_CONSTANT_CONVERSION = YES;
				CLANG_WARN_DEPRECATED_OBJC_IMPLEMENTATIONS = YES;
				CLANG_WARN_DIRECT_OBJC_ISA_USAGE = YES_ERROR;
				CLANG_WARN_DOCUMENTATION_COMMENTS = YES;
				CLANG_WARN_EMPTY_BODY = YES;
				CLANG_WARN_ENUM_CONVERSION = YES;
				CLANG_WARN_INFINITE_RECURSION = YES;
				CLANG_WARN_INT_CONVERSION = YES;
				CLANG_WARN_NON_LITERAL_NULL_CONVERSION = YES;
				CLANG_WARN_OBJC_IMPLICIT_RETAIN_SELF = YES;
				CLANG_WARN_OBJC_LITERAL_CONVERSION = YES;
				CLANG_WARN_OBJC_ROOT_CLASS = YES_ERROR;
				CLANG_WARN_QUOTED_INCLUDE_IN_FRAMEWORK_HEADER = YES;
				CLANG_WARN_RANGE_LOOP_ANALYSIS = YES;
				CLANG_WARN_STRICT_PROTOTYPES = YES;
				CLANG_WARN_SUSPICIOUS_MOVE = YES;
				CLANG_WARN_UNGUARDED_AVAILABILITY = YES_AGGRESSIVE;
				CLANG_WARN_UNREACHABLE_CODE = YES;
				CLANG_WARN__DUPLICATE_METHOD_MATCH = YES;
				COPY_PHASE_STRIP = NO;
				DEBUG_INFORMATION_FORMAT = "dwarf-with-dsym";
				ENABLE_NS_ASSERTIONS = NO;
				ENABLE_STRICT_OBJC_MSGSEND = YES;
				ENABLE_USER_SCRIPT_SANDBOXING = YES;
				GCC_C_LANGUAGE_STANDARD = gnu17;
				GCC_NO_COMMON_BLOCKS = YES;
				GCC_WARN_64_TO_32_BIT_CONVERSION = YES;
				GCC_WARN_ABOUT_RETURN_TYPE = YES_ERROR;
				GCC_WARN_UNDECLARED_SELECTOR = YES;
				GCC_WARN_UNINITIALIZED_AUTOS = YES_AGGRESSIVE;
				GCC_WARN_UNUSED_FUNCTION = YES;
				GCC_WARN_UNUSED_VARIABLE = YES;
				IPHONEOS_DEPLOYMENT_TARGET = 17.0;
				LOCALIZATION_PREFERS_STRING_CATALOGS = YES;
				MTL_ENABLE_DEBUG_INFO = NO;
				MTL_FAST_MATH = YES;
				SDKROOT = iphoneos;
				SWIFT_COMPILATION_MODE = wholemodule;
				VALIDATE_PRODUCT = YES;
			};
			name = Release;
		};
		260735082BF6AED2005AC69D /* Debug */ = {
			isa = XCBuildConfiguration;
			buildSettings = {
				ASSETCATALOG_COMPILER_APPICON_NAME = AppIcon;
				ASSETCATALOG_COMPILER_GLOBAL_ACCENT_COLOR_NAME = AccentColor;
				CODE_SIGN_STYLE = Automatic;
				CURRENT_PROJECT_VERSION = 1;
				DEVELOPMENT_TEAM = R6XNAQSMZ9;
				GENERATE_INFOPLIST_FILE = YES;
				INFOPLIST_FILE = TeamSaxinkleApp/Supporting/Info.plist;
				INFOPLIST_KEY_UIApplicationSupportsIndirectInputEvents = YES;
				INFOPLIST_KEY_UILaunchStoryboardName = LaunchScreen;
				INFOPLIST_KEY_UISupportedInterfaceOrientations_iPad = "UIInterfaceOrientationPortrait UIInterfaceOrientationPortraitUpsideDown UIInterfaceOrientationLandscapeLeft UIInterfaceOrientationLandscapeRight";
				INFOPLIST_KEY_UISupportedInterfaceOrientations_iPhone = "UIInterfaceOrientationPortrait UIInterfaceOrientationLandscapeLeft UIInterfaceOrientationLandscapeRight";
				LD_RUNPATH_SEARCH_PATHS = (
					"$(inherited)",
					"@executable_path/Frameworks",
				);
				MARKETING_VERSION = 1.0;
				PRODUCT_BUNDLE_IDENTIFIER = ge.chit.TeamSaxinkleApp;
				PRODUCT_NAME = "$(TARGET_NAME)";
				SWIFT_EMIT_LOC_STRINGS = YES;
				SWIFT_VERSION = 5.0;
				TARGETED_DEVICE_FAMILY = "1,2";
			};
			name = Debug;
		};
		260735092BF6AED2005AC69D /* Release */ = {
			isa = XCBuildConfiguration;
			buildSettings = {
				ASSETCATALOG_COMPILER_APPICON_NAME = AppIcon;
				ASSETCATALOG_COMPILER_GLOBAL_ACCENT_COLOR_NAME = AccentColor;
				CODE_SIGN_STYLE = Automatic;
				CURRENT_PROJECT_VERSION = 1;
				DEVELOPMENT_TEAM = R6XNAQSMZ9;
				GENERATE_INFOPLIST_FILE = YES;
				INFOPLIST_FILE = TeamSaxinkleApp/Supporting/Info.plist;
				INFOPLIST_KEY_UIApplicationSupportsIndirectInputEvents = YES;
				INFOPLIST_KEY_UILaunchStoryboardName = LaunchScreen;
				INFOPLIST_KEY_UISupportedInterfaceOrientations_iPad = "UIInterfaceOrientationPortrait UIInterfaceOrientationPortraitUpsideDown UIInterfaceOrientationLandscapeLeft UIInterfaceOrientationLandscapeRight";
				INFOPLIST_KEY_UISupportedInterfaceOrientations_iPhone = "UIInterfaceOrientationPortrait UIInterfaceOrientationLandscapeLeft UIInterfaceOrientationLandscapeRight";
				LD_RUNPATH_SEARCH_PATHS = (
					"$(inherited)",
					"@executable_path/Frameworks",
				);
				MARKETING_VERSION = 1.0;
				PRODUCT_BUNDLE_IDENTIFIER = ge.chit.TeamSaxinkleApp;
				PRODUCT_NAME = "$(TARGET_NAME)";
				SWIFT_EMIT_LOC_STRINGS = YES;
				SWIFT_VERSION = 5.0;
				TARGETED_DEVICE_FAMILY = "1,2";
			};
			name = Release;
		};
/* End XCBuildConfiguration section */

/* Begin XCConfigurationList section */
		260734EE2BF6AED0005AC69D /* Build configuration list for PBXProject "TeamSaxinkleApp" */ = {
			isa = XCConfigurationList;
			buildConfigurations = (
				260735052BF6AED2005AC69D /* Debug */,
				260735062BF6AED2005AC69D /* Release */,
			);
			defaultConfigurationIsVisible = 0;
			defaultConfigurationName = Release;
		};
		260735072BF6AED2005AC69D /* Build configuration list for PBXNativeTarget "TeamSaxinkleApp" */ = {
			isa = XCConfigurationList;
			buildConfigurations = (
				260735082BF6AED2005AC69D /* Debug */,
				260735092BF6AED2005AC69D /* Release */,
			);
			defaultConfigurationIsVisible = 0;
			defaultConfigurationName = Release;
		};
/* End XCConfigurationList section */

/* Begin XCRemoteSwiftPackageReference section */
		260735232BF6B6C6005AC69D /* XCRemoteSwiftPackageReference "NetworkingService" */ = {
			isa = XCRemoteSwiftPackageReference;
			repositoryURL = "https://github.com/nuca01/NetworkingService";
			requirement = {
				branch = main;
				kind = branch;
			};
		};
		26178E772BF7C49700858EC9 /* XCRemoteSwiftPackageReference "ImageService" */ = {
			isa = XCRemoteSwiftPackageReference;
			repositoryURL = "https://github.com/nuca01/ImageService";
			requirement = {
				branch = main;
				kind = branch;
			};
		};
/* End XCRemoteSwiftPackageReference section */

/* Begin XCSwiftPackageProductDependency section */
		26178E6F2BF6D80B00858EC9 /* NetworkingService */ = {
			isa = XCSwiftPackageProductDependency;
			package = 260735232BF6B6C6005AC69D /* XCRemoteSwiftPackageReference "NetworkingService" */;
			productName = NetworkingService;
		};
		26178E782BF7C49700858EC9 /* ImageService */ = {
			isa = XCSwiftPackageProductDependency;
			package = 26178E772BF7C49700858EC9 /* XCRemoteSwiftPackageReference "ImageService" */;
			productName = ImageService;
		};
/* End XCSwiftPackageProductDependency section */
	};
	rootObject = 260734EB2BF6AED0005AC69D /* Project object */;
}
