{
  "originHash" : "99f3849cfc89eb4a6563358180b32c81949b40f1cdbf0cd390f8967db60e397d",
  "pins" : [
    {
      "identity" : "imageservice",
      "kind" : "remoteSourceControl",
      "location" : "https://github.com/nuca01/ImageService",
      "state" : {
        "branch" : "main",
        "revision" : "91717489632e808c4a6f59ac05bc3c0facdfbb9b"
      }
    },
    {
      "identity" : "networkingservice",
      "kind" : "remoteSourceControl",
      "location" : "https://github.com/nuca01/NetworkingService",
      "state" : {
        "branch" : "main",
        "revision" : "a04ae75d703ce255f3c84278ecc54f89a6a1ec89"
      }
    }
  ],
  "version" : 3
}
